
Microsoft Visual Studio Solution File, Format Version 11.00
# Visual Studio 2010
Project("{2150E333-8FDC-42A3-9474-1A3956D46DE8}") = "sbx", "sbx", "{880C2F40-4F5A-404A-B0CD-86865C691018}"
EndProject
Project("{2150E333-8FDC-42A3-9474-1A3956D46DE8}") = "Test", "Test", "{600C8E46-BDF3-430B-B2AA-693EA60D75F1}"
EndProject
Project("{FAE04EC0-301F-11D3-BF4B-00C04F79EFBC}") = "CQRS2012.Gui", "src\CQRS2012.Gui\CQRS2012.Gui.csproj", "{A70DDD20-0F76-4AA8-ADD0-EBFD412616E7}"
EndProject
Project("{FAE04EC0-301F-11D3-BF4B-00C04F79EFBC}") = "CQRS2012.Gui.Tests", "src\CQRS2012.Gui.Tests\CQRS2012.Gui.Tests.csproj", "{E6451DC7-8995-4EBF-8D64-C11F9795643E}"
EndProject
Global
	GlobalSection(SolutionConfigurationPlatforms) = preSolution
		Debug|Any CPU = Debug|Any CPU
		Debug|Mixed Platforms = Debug|Mixed Platforms
		Debug|x86 = Debug|x86
		Release|Any CPU = Release|Any CPU
		Release|Mixed Platforms = Release|Mixed Platforms
		Release|x86 = Release|x86
	EndGlobalSection
	GlobalSection(ProjectConfigurationPlatforms) = postSolution
		{A70DDD20-0F76-4AA8-ADD0-EBFD412616E7}.Debug|Any CPU.ActiveCfg = Debug|Any CPU
		{A70DDD20-0F76-4AA8-ADD0-EBFD412616E7}.Debug|Any CPU.Build.0 = Debug|Any CPU
		{A70DDD20-0F76-4AA8-ADD0-EBFD412616E7}.Debug|Mixed Platforms.ActiveCfg = Debug|Any CPU
		{A70DDD20-0F76-4AA8-ADD0-EBFD412616E7}.Debug|Mixed Platforms.Build.0 = Debug|Any CPU
		{A70DDD20-0F76-4AA8-ADD0-EBFD412616E7}.Debug|x86.ActiveCfg = Debug|Any CPU
		{A70DDD20-0F76-4AA8-ADD0-EBFD412616E7}.Release|Any CPU.ActiveCfg = Release|Any CPU
		{A70DDD20-0F76-4AA8-ADD0-EBFD412616E7}.Release|Any CPU.Build.0 = Release|Any CPU
		{A70DDD20-0F76-4AA8-ADD0-EBFD412616E7}.Release|Mixed Platforms.ActiveCfg = Release|Any CPU
		{A70DDD20-0F76-4AA8-ADD0-EBFD412616E7}.Release|Mixed Platforms.Build.0 = Release|Any CPU
		{A70DDD20-0F76-4AA8-ADD0-EBFD412616E7}.Release|x86.ActiveCfg = Release|Any CPU
		{E6451DC7-8995-4EBF-8D64-C11F9795643E}.Debug|Any CPU.ActiveCfg = Debug|Any CPU
		{E6451DC7-8995-4EBF-8D64-C11F9795643E}.Debug|Any CPU.Build.0 = Debug|Any CPU
		{E6451DC7-8995-4EBF-8D64-C11F9795643E}.Debug|Mixed Platforms.ActiveCfg = Debug|Any CPU
		{E6451DC7-8995-4EBF-8D64-C11F9795643E}.Debug|Mixed Platforms.Build.0 = Debug|Any CPU
		{E6451DC7-8995-4EBF-8D64-C11F9795643E}.Debug|x86.ActiveCfg = Debug|Any CPU
		{E6451DC7-8995-4EBF-8D64-C11F9795643E}.Release|Any CPU.ActiveCfg = Release|Any CPU
		{E6451DC7-8995-4EBF-8D64-C11F9795643E}.Release|Any CPU.Build.0 = Release|Any CPU
		{E6451DC7-8995-4EBF-8D64-C11F9795643E}.Release|Mixed Platforms.ActiveCfg = Release|Any CPU
		{E6451DC7-8995-4EBF-8D64-C11F9795643E}.Release|Mixed Platforms.Build.0 = Release|Any CPU
		{E6451DC7-8995-4EBF-8D64-C11F9795643E}.Release|x86.ActiveCfg = Release|Any CPU
	EndGlobalSection
	GlobalSection(SolutionProperties) = preSolution
		HideSolutionNode = FALSE
	EndGlobalSection
EndGlobal
